# This file is automatically @generated by Cargo.
# It is not intended for manual editing.
version = 4

[[package]]
name = "gateway-admin"
version = "0.1.0"

[[package]]
name = "gateway-auth"
version = "0.1.0"

[[package]]
name = "gateway-billing"
version = "0.1.0"

[[package]]
name = "gateway-cli"
version = "0.1.0"

[[package]]
name = "gateway-config"
version = "0.1.0"

[[package]]
name = "gateway-core"
version = "0.1.0"

[[package]]
name = "gateway-events"
version = "0.1.0"

[[package]]
name = "gateway-keys"
version = "0.1.0"

[[package]]
name = "gateway-mcp"
version = "0.1.0"

[[package]]
name = "gateway-metering"
version = "0.1.0"

[[package]]
name = "gateway-migrate"
version = "0.1.0"

[[package]]
name = "gateway-observability"
version = "0.1.0"

[[package]]
name = "gateway-openapi"
version = "0.1.0"

[[package]]
name = "gateway-policy"
version = "0.1.0"

[[package]]
name = "gateway-pricing"
version = "0.1.0"

[[package]]
name = "gateway-providers"
version = "0.1.0"

[[package]]
name = "gateway-quota"
version = "0.1.0"

[[package]]
name = "gateway-routing"
version = "0.1.0"

[[package]]
name = "gateway-secrets"
version = "0.1.0"

[[package]]
name = "gateway-server"
version = "0.1.0"

[[package]]
name = "gateway-store"
version = "0.1.0"

[[package]]
name = "gateway-streaming"
version = "0.1.0"

[[package]]
name = "gateway-testing"
version = "0.1.0"

[[package]]
name = "gateway-types"
version = "0.1.0"

[[package]]
name = "gatewayd"
version = "0.1.0"
